{
  "name": "roads-server",
  "version": "1.0.3",
  "lockfileVersion": 1,
  "requires": true,
  "dependencies": {
    "@types/node": {
      "version": "12.12.24",
      "resolved": "https://registry.npmjs.org/@types/node/-/node-12.12.24.tgz",
      "integrity": "sha512-1Ciqv9pqwVtW6FsIUKSZNB82E5Cu1I2bBTj1xuIHXLe/1zYLl3956Nbhg2MzSYHVfl9/rmanjbQIb7LibfCnug=="
    },
    "content-type": {
      "version": "1.0.4",
      "resolved": "https://registry.npmjs.org/content-type/-/content-type-1.0.4.tgz",
      "integrity": "sha512-hIP3EEPs8tB9AT1L+NUqtwOAps4mk2Zob89MWXMHjHWg9milF/j4osnnQLXBCBFBk/tvIG/tUc9mOUJiPBhPXA=="
    },
    "cookie": {
      "version": "0.4.0",
      "resolved": "https://registry.npmjs.org/cookie/-/cookie-0.4.0.tgz",
      "integrity": "sha512-+Hp8fLp57wnUSt0tY0tHEXh4voZRDnoIrZPqlo3DPiI4y9lwg/jqx+1Om94/W6ZaPDOUbnjOt/99w66zk+l1Xg=="
    },
    "roads": {
      "version": "6.0.1",
      "resolved": "https://registry.npmjs.org/roads/-/roads-6.0.1.tgz",
      "integrity": "sha512-FLPNdAsSH9w8+kvI3RKlUWaHKkRl9cAepTkKo3hHF02zjbf90qAXF9DRruXIjsfyfooaPrafxo7IXgFnMssrWg==",
      "requires": {
        "content-type": "^1.0.4",
        "cookie": "0.4.0",
        "roads-req": "0.4.2"
      }
    },
    "roads-req": {
      "version": "0.4.2",
      "resolved": "https://registry.npmjs.org/roads-req/-/roads-req-0.4.2.tgz",
      "integrity": "sha512-PmvG9w2R30VFnpRvRIjB/DcrwIkcA6WSvjphGj0loRfrhhLvReMIPHcvFmM0O54h5+a69gozaDbA108Cdsqlaw==",
      "requires": {
        "content-type": "^1.0.4"
      }
    }
  }
}
