{
  "name": "roads-server",
  "version": "1.1.1",
  "lockfileVersion": 2,
  "requires": true,
  "packages": {
    "": {
      "name": "roads-server",
      "version": "1.1.1",
      "license": "MIT",
      "devDependencies": {
        "@types/node": "^16.4.0",
        "roads": "7.X.X"
      }
    },
    "node_modules/@types/cookie": {
      "version": "0.4.1",
      "resolved": "https://registry.npmjs.org/@types/cookie/-/cookie-0.4.1.tgz",
      "integrity": "sha512-XW/Aa8APYr6jSVVA1y/DEIZX0/GMKLEVekNG727R8cs56ahETkRAy/3DR7+fJyh7oUgGwNQaRfXCun0+KbWY7Q==",
      "dev": true
    },
    "node_modules/@types/node": {
      "version": "16.11.11",
      "resolved": "https://registry.npmjs.org/@types/node/-/node-16.11.11.tgz",
      "integrity": "sha512-KB0sixD67CeecHC33MYn+eYARkqTheIRNuu97y2XMjR7Wu3XibO1vaY6VBV6O/a89SPI81cEUIYT87UqUWlZNw==",
      "dev": true
    },
    "node_modules/content-type": {
      "version": "1.0.4",
      "resolved": "https://registry.npmjs.org/content-type/-/content-type-1.0.4.tgz",
      "integrity": "sha512-hIP3EEPs8tB9AT1L+NUqtwOAps4mk2Zob89MWXMHjHWg9milF/j4osnnQLXBCBFBk/tvIG/tUc9mOUJiPBhPXA==",
      "dev": true,
      "engines": {
        "node": ">= 0.6"
      }
    },
    "node_modules/cookie": {
      "version": "0.4.1",
      "resolved": "https://registry.npmjs.org/cookie/-/cookie-0.4.1.tgz",
      "integrity": "sha512-ZwrFkGJxUR3EIoXtO+yVE69Eb7KlixbaeAWfBQB9vVsNn/o+Yw69gBWSSDK825hQNdN+wF8zELf3dFNl/kxkUA==",
      "dev": true,
      "engines": {
        "node": ">= 0.6"
      }
    },
    "node_modules/roads": {
      "version": "7.0.1",
      "resolved": "https://registry.npmjs.org/roads/-/roads-7.0.1.tgz",
      "integrity": "sha512-V9zYuNPIDbnu2E06G9SkWEzZxPXzKQMFj/0pWokYhvIqW9hTbmViaCUdJ9Wc3D05HlTQGM2D05HBReBIPoN6uw==",
      "dev": true,
      "dependencies": {
        "@types/cookie": "^0.4.1",
        "content-type": "^1.0.4",
        "cookie": "^0.4.1",
        "roads-req": "^0.4.6"
      }
    },
    "node_modules/roads-req": {
      "version": "0.4.6",
      "resolved": "https://registry.npmjs.org/roads-req/-/roads-req-0.4.6.tgz",
      "integrity": "sha512-/n1L5FGTSKiwsMRbL+R0cox10mhFei75iQIKsSd2AbwEYFLFso6/H3CHTiJ7HQSaDEUrYyFEuCvCpOCeClANOw==",
      "dev": true,
      "dependencies": {
        "content-type": "^1.0.4"
      }
    }
  },
  "dependencies": {
    "@types/cookie": {
      "version": "0.4.1",
      "resolved": "https://registry.npmjs.org/@types/cookie/-/cookie-0.4.1.tgz",
      "integrity": "sha512-XW/Aa8APYr6jSVVA1y/DEIZX0/GMKLEVekNG727R8cs56ahETkRAy/3DR7+fJyh7oUgGwNQaRfXCun0+KbWY7Q==",
      "dev": true
    },
    "@types/node": {
      "version": "16.11.11",
      "resolved": "https://registry.npmjs.org/@types/node/-/node-16.11.11.tgz",
      "integrity": "sha512-KB0sixD67CeecHC33MYn+eYARkqTheIRNuu97y2XMjR7Wu3XibO1vaY6VBV6O/a89SPI81cEUIYT87UqUWlZNw==",
      "dev": true
    },
    "content-type": {
      "version": "1.0.4",
      "resolved": "https://registry.npmjs.org/content-type/-/content-type-1.0.4.tgz",
      "integrity": "sha512-hIP3EEPs8tB9AT1L+NUqtwOAps4mk2Zob89MWXMHjHWg9milF/j4osnnQLXBCBFBk/tvIG/tUc9mOUJiPBhPXA==",
      "dev": true
    },
    "cookie": {
      "version": "0.4.1",
      "resolved": "https://registry.npmjs.org/cookie/-/cookie-0.4.1.tgz",
      "integrity": "sha512-ZwrFkGJxUR3EIoXtO+yVE69Eb7KlixbaeAWfBQB9vVsNn/o+Yw69gBWSSDK825hQNdN+wF8zELf3dFNl/kxkUA==",
      "dev": true
    },
    "roads": {
      "version": "7.0.1",
      "resolved": "https://registry.npmjs.org/roads/-/roads-7.0.1.tgz",
      "integrity": "sha512-V9zYuNPIDbnu2E06G9SkWEzZxPXzKQMFj/0pWokYhvIqW9hTbmViaCUdJ9Wc3D05HlTQGM2D05HBReBIPoN6uw==",
      "dev": true,
      "requires": {
        "@types/cookie": "^0.4.1",
        "content-type": "^1.0.4",
        "cookie": "^0.4.1",
        "roads-req": "^0.4.6"
      }
    },
    "roads-req": {
      "version": "0.4.6",
      "resolved": "https://registry.npmjs.org/roads-req/-/roads-req-0.4.6.tgz",
      "integrity": "sha512-/n1L5FGTSKiwsMRbL+R0cox10mhFei75iQIKsSd2AbwEYFLFso6/H3CHTiJ7HQSaDEUrYyFEuCvCpOCeClANOw==",
      "dev": true,
      "requires": {
        "content-type": "^1.0.4"
      }
    }
  }
}
